
Microsoft Visual Studio Solution File, Format Version 12.00
# Visual Studio Version 17
VisualStudioVersion = 17.0.31903.59
MinimumVisualStudioVersion = 10.0.40219.1
Project("{FAE04EC0-301F-11D3-BF4B-00C04F79EFBC}") = "QuickPersistr", "QuickPersistr\QuickPersistr.csproj", "{C57AA3DF-804A-4321-9C72-1054D5E5159F}"
EndProject
Project("{FAE04EC0-301F-11D3-BF4B-00C04F79EFBC}") = "QuickPersistr.Tests", "QuickPersistr.Tests\QuickPersistr.Tests.csproj", "{933CCD46-F5C1-4C47-8AE7-BD1D1A06C01B}"
EndProject
Project("{FAE04EC0-301F-11D3-BF4B-00C04F79EFBC}") = "QuickPersistr.WriteDocs", "QuickPersistr.WriteDocs\QuickPersistr.WriteDocs.csproj", "{5414108C-7361-42C3-945D-D57E0A2E81FD}"
EndProject
Global
	GlobalSection(SolutionConfigurationPlatforms) = preSolution
		Debug|Any CPU = Debug|Any CPU
		Debug|x64 = Debug|x64
		Debug|x86 = Debug|x86
		Release|Any CPU = Release|Any CPU
		Release|x64 = Release|x64
		Release|x86 = Release|x86
	EndGlobalSection
	GlobalSection(ProjectConfigurationPlatforms) = postSolution
		{C57AA3DF-804A-4321-9C72-1054D5E5159F}.Debug|Any CPU.ActiveCfg = Debug|Any CPU
		{C57AA3DF-804A-4321-9C72-1054D5E5159F}.Debug|Any CPU.Build.0 = Debug|Any CPU
		{C57AA3DF-804A-4321-9C72-1054D5E5159F}.Debug|x64.ActiveCfg = Debug|Any CPU
		{C57AA3DF-804A-4321-9C72-1054D5E5159F}.Debug|x64.Build.0 = Debug|Any CPU
		{C57AA3DF-804A-4321-9C72-1054D5E5159F}.Debug|x86.ActiveCfg = Debug|Any CPU
		{C57AA3DF-804A-4321-9C72-1054D5E5159F}.Debug|x86.Build.0 = Debug|Any CPU
		{C57AA3DF-804A-4321-9C72-1054D5E5159F}.Release|Any CPU.ActiveCfg = Release|Any CPU
		{C57AA3DF-804A-4321-9C72-1054D5E5159F}.Release|Any CPU.Build.0 = Release|Any CPU
		{C57AA3DF-804A-4321-9C72-1054D5E5159F}.Release|x64.ActiveCfg = Release|Any CPU
		{C57AA3DF-804A-4321-9C72-1054D5E5159F}.Release|x64.Build.0 = Release|Any CPU
		{C57AA3DF-804A-4321-9C72-1054D5E5159F}.Release|x86.ActiveCfg = Release|Any CPU
		{C57AA3DF-804A-4321-9C72-1054D5E5159F}.Release|x86.Build.0 = Release|Any CPU
		{933CCD46-F5C1-4C47-8AE7-BD1D1A06C01B}.Debug|Any CPU.ActiveCfg = Debug|Any CPU
		{933CCD46-F5C1-4C47-8AE7-BD1D1A06C01B}.Debug|Any CPU.Build.0 = Debug|Any CPU
		{933CCD46-F5C1-4C47-8AE7-BD1D1A06C01B}.Debug|x64.ActiveCfg = Debug|Any CPU
		{933CCD46-F5C1-4C47-8AE7-BD1D1A06C01B}.Debug|x64.Build.0 = Debug|Any CPU
		{933CCD46-F5C1-4C47-8AE7-BD1D1A06C01B}.Debug|x86.ActiveCfg = Debug|Any CPU
		{933CCD46-F5C1-4C47-8AE7-BD1D1A06C01B}.Debug|x86.Build.0 = Debug|Any CPU
		{933CCD46-F5C1-4C47-8AE7-BD1D1A06C01B}.Release|Any CPU.ActiveCfg = Release|Any CPU
		{933CCD46-F5C1-4C47-8AE7-BD1D1A06C01B}.Release|Any CPU.Build.0 = Release|Any CPU
		{933CCD46-F5C1-4C47-8AE7-BD1D1A06C01B}.Release|x64.ActiveCfg = Release|Any CPU
		{933CCD46-F5C1-4C47-8AE7-BD1D1A06C01B}.Release|x64.Build.0 = Release|Any CPU
		{933CCD46-F5C1-4C47-8AE7-BD1D1A06C01B}.Release|x86.ActiveCfg = Release|Any CPU
		{933CCD46-F5C1-4C47-8AE7-BD1D1A06C01B}.Release|x86.Build.0 = Release|Any CPU
		{5414108C-7361-42C3-945D-D57E0A2E81FD}.Debug|Any CPU.ActiveCfg = Debug|Any CPU
		{5414108C-7361-42C3-945D-D57E0A2E81FD}.Debug|Any CPU.Build.0 = Debug|Any CPU
		{5414108C-7361-42C3-945D-D57E0A2E81FD}.Debug|x64.ActiveCfg = Debug|Any CPU
		{5414108C-7361-42C3-945D-D57E0A2E81FD}.Debug|x64.Build.0 = Debug|Any CPU
		{5414108C-7361-42C3-945D-D57E0A2E81FD}.Debug|x86.ActiveCfg = Debug|Any CPU
		{5414108C-7361-42C3-945D-D57E0A2E81FD}.Debug|x86.Build.0 = Debug|Any CPU
		{5414108C-7361-42C3-945D-D57E0A2E81FD}.Release|Any CPU.ActiveCfg = Release|Any CPU
		{5414108C-7361-42C3-945D-D57E0A2E81FD}.Release|Any CPU.Build.0 = Release|Any CPU
		{5414108C-7361-42C3-945D-D57E0A2E81FD}.Release|x64.ActiveCfg = Release|Any CPU
		{5414108C-7361-42C3-945D-D57E0A2E81FD}.Release|x64.Build.0 = Release|Any CPU
		{5414108C-7361-42C3-945D-D57E0A2E81FD}.Release|x86.ActiveCfg = Release|Any CPU
		{5414108C-7361-42C3-945D-D57E0A2E81FD}.Release|x86.Build.0 = Release|Any CPU
	EndGlobalSection
	GlobalSection(SolutionProperties) = preSolution
		HideSolutionNode = FALSE
	EndGlobalSection
EndGlobal
